
Microsoft Visual Studio Solution File, Format Version 12.00
# Visual Studio Version 16
VisualStudioVersion = 16.0.32106.194
MinimumVisualStudioVersion = 10.0.40219.1
Project("{FAE04EC0-301F-11D3-BF4B-00C04F79EFBC}") = "FactorialKAta", "FactorialKAta.csproj", "{39435AAB-0FF4-4C20-90F7-470C3F68FA88}"
EndProject
Global
	GlobalSection(SolutionConfigurationPlatforms) = preSolution
		Debug|Any CPU = Debug|Any CPU
		Release|Any CPU = Release|Any CPU
	EndGlobalSection
	GlobalSection(ProjectConfigurationPlatforms) = postSolution
		{39435AAB-0FF4-4C20-90F7-470C3F68FA88}.Debug|Any CPU.ActiveCfg = Debug|Any CPU
		{39435AAB-0FF4-4C20-90F7-470C3F68FA88}.Debug|Any CPU.Build.0 = Debug|Any CPU
		{39435AAB-0FF4-4C20-90F7-470C3F68FA88}.Release|Any CPU.ActiveCfg = Release|Any CPU
		{39435AAB-0FF4-4C20-90F7-470C3F68FA88}.Release|Any CPU.Build.0 = Release|Any CPU
	EndGlobalSection
	GlobalSection(SolutionProperties) = preSolution
		HideSolutionNode = FALSE
	EndGlobalSection
	GlobalSection(ExtensibilityGlobals) = postSolution
		SolutionGuid = {0E940E25-3923-4FC0-BDDC-AFC2A6679B18}
	EndGlobalSection
EndGlobal
